
Microsoft Visual Studio Solution File, Format Version 12.00
# Visual Studio Version 16
VisualStudioVersion = 16.0.30709.132
MinimumVisualStudioVersion = 10.0.40219.1
Project("{FAE04EC0-301F-11D3-BF4B-00C04F79EFBC}") = "GameLoaderBlazorLibrary", "GameLoaderBlazorLibrary.csproj", "{D16E4589-DCC5-4886-B3E3-908BBA20DE75}"
EndProject
Project("{9A19103F-16F7-4668-BE54-9A1E7A4F7556}") = "BasicGameFrameworkLibrary", "..\..\..\CrossPlatform\Standard\BasicGameFrameworkLibrary\BasicGameFrameworkLibrary.csproj", "{91249753-A49D-4A11-B42D-817AF571B559}"
EndProject
Project("{9A19103F-16F7-4668-BE54-9A1E7A4F7556}") = "BasicGamingUIBlazorLibrary", "..\BasicGamingUIBlazorLibrary\BasicGamingUIBlazorLibrary.csproj", "{5CD23D29-5E68-487C-9166-DC47E5E9C62E}"
EndProject
Global
	GlobalSection(SolutionConfigurationPlatforms) = preSolution
		Debug|Any CPU = Debug|Any CPU
		Release|Any CPU = Release|Any CPU
	EndGlobalSection
	GlobalSection(ProjectConfigurationPlatforms) = postSolution
		{D16E4589-DCC5-4886-B3E3-908BBA20DE75}.Debug|Any CPU.ActiveCfg = Debug|Any CPU
		{D16E4589-DCC5-4886-B3E3-908BBA20DE75}.Debug|Any CPU.Build.0 = Debug|Any CPU
		{D16E4589-DCC5-4886-B3E3-908BBA20DE75}.Release|Any CPU.ActiveCfg = Release|Any CPU
		{D16E4589-DCC5-4886-B3E3-908BBA20DE75}.Release|Any CPU.Build.0 = Release|Any CPU
		{91249753-A49D-4A11-B42D-817AF571B559}.Debug|Any CPU.ActiveCfg = Debug|Any CPU
		{91249753-A49D-4A11-B42D-817AF571B559}.Debug|Any CPU.Build.0 = Debug|Any CPU
		{91249753-A49D-4A11-B42D-817AF571B559}.Release|Any CPU.ActiveCfg = Release|Any CPU
		{91249753-A49D-4A11-B42D-817AF571B559}.Release|Any CPU.Build.0 = Release|Any CPU
		{5CD23D29-5E68-487C-9166-DC47E5E9C62E}.Debug|Any CPU.ActiveCfg = Debug|Any CPU
		{5CD23D29-5E68-487C-9166-DC47E5E9C62E}.Debug|Any CPU.Build.0 = Debug|Any CPU
		{5CD23D29-5E68-487C-9166-DC47E5E9C62E}.Release|Any CPU.ActiveCfg = Release|Any CPU
		{5CD23D29-5E68-487C-9166-DC47E5E9C62E}.Release|Any CPU.Build.0 = Release|Any CPU
	EndGlobalSection
	GlobalSection(SolutionProperties) = preSolution
		HideSolutionNode = FALSE
	EndGlobalSection
	GlobalSection(ExtensibilityGlobals) = postSolution
		SolutionGuid = {19F3645D-6129-4A8C-A83B-DB2B4EBD8199}
	EndGlobalSection
EndGlobal
