
Microsoft Visual Studio Solution File, Format Version 12.00
# Visual Studio Version 16
VisualStudioVersion = 16.0.30709.132
MinimumVisualStudioVersion = 10.0.40219.1
Project("{FAE04EC0-301F-11D3-BF4B-00C04F79EFBC}") = "SinglePlayerMiscGamesBlazor", "SinglePlayerMiscGamesBlazor.csproj", "{DB45AEAC-4EF5-4A4B-A21A-22980864853D}"
EndProject
Global
	GlobalSection(SolutionConfigurationPlatforms) = preSolution
		Debug|Any CPU = Debug|Any CPU
		Release|Any CPU = Release|Any CPU
	EndGlobalSection
	GlobalSection(ProjectConfigurationPlatforms) = postSolution
		{DB45AEAC-4EF5-4A4B-A21A-22980864853D}.Debug|Any CPU.ActiveCfg = Debug|Any CPU
		{DB45AEAC-4EF5-4A4B-A21A-22980864853D}.Debug|Any CPU.Build.0 = Debug|Any CPU
		{DB45AEAC-4EF5-4A4B-A21A-22980864853D}.Release|Any CPU.ActiveCfg = Release|Any CPU
		{DB45AEAC-4EF5-4A4B-A21A-22980864853D}.Release|Any CPU.Build.0 = Release|Any CPU
	EndGlobalSection
	GlobalSection(SolutionProperties) = preSolution
		HideSolutionNode = FALSE
	EndGlobalSection
	GlobalSection(ExtensibilityGlobals) = postSolution
		SolutionGuid = {9F46AD53-DEC0-4D4B-BE2B-4041D04447E6}
	EndGlobalSection
EndGlobal
