
Microsoft Visual Studio Solution File, Format Version 12.00
# Visual Studio Version 16
VisualStudioVersion = 16.0.30709.132
MinimumVisualStudioVersion = 10.0.40219.1
Project("{FAE04EC0-301F-11D3-BF4B-00C04F79EFBC}") = "AndyFavoriteSoloGames", "AndyFavoriteSoloGames.csproj", "{4586BFE1-225C-4B9C-B227-9EDF4D8335EE}"
EndProject
Project("{9A19103F-16F7-4668-BE54-9A1E7A4F7556}") = "BasicGameFrameworkLibrary", "..\..\..\GamingPackXV1\Libraries\CrossPlatform\Standard\BasicGameFrameworkLibrary\BasicGameFrameworkLibrary.csproj", "{62F070D7-A84A-4C20-9A26-7A598E4A5AE3}"
EndProject
Project("{9A19103F-16F7-4668-BE54-9A1E7A4F7556}") = "GameLoaderBlazorLibrary", "..\..\..\GamingPackXV1\Libraries\Blazor\Standard\GameLoaderBlazorLibrary\GameLoaderBlazorLibrary.csproj", "{352CAAFD-C160-4E6D-BE1A-CE3B7908D909}"
EndProject
Project("{9A19103F-16F7-4668-BE54-9A1E7A4F7556}") = "BasicGamingUIBlazorLibrary", "..\..\..\GamingPackXV1\Libraries\Blazor\Standard\BasicGamingUIBlazorLibrary\BasicGamingUIBlazorLibrary.csproj", "{ECBD5E33-FB24-4BC5-8A7C-4512DE84D5A6}"
EndProject
Project("{FAE04EC0-301F-11D3-BF4B-00C04F79EFBC}") = "MahJongSolitaireCP", "..\..\Libraries\CrossPlatform\Games\MahJongSolitaireCP\MahJongSolitaireCP.csproj", "{9126B0BC-C6BA-46EC-9CB3-64ADD711CFAD}"
EndProject
Project("{FAE04EC0-301F-11D3-BF4B-00C04F79EFBC}") = "MahJongSolitaireBlazor", "..\..\Libraries\Blazor\Games\MahJongSolitaireBlazor\MahJongSolitaireBlazor.csproj", "{7A886C82-08FE-4B5B-9BE6-3EA54DDBD8C7}"
EndProject
Project("{FAE04EC0-301F-11D3-BF4B-00C04F79EFBC}") = "KlondikeSolitaireCP", "..\..\Libraries\CrossPlatform\Games\KlondikeSolitaireCP\KlondikeSolitaireCP.csproj", "{796A26A9-7497-40E2-B4EF-1EA93C46E343}"
EndProject
Project("{FAE04EC0-301F-11D3-BF4B-00C04F79EFBC}") = "KlondikeSolitaireBlazor", "..\..\Libraries\Blazor\Games\KlondikeSolitaireBlazor\KlondikeSolitaireBlazor.csproj", "{0DE9CEA7-A90D-480D-9941-1A0A98C99448}"
EndProject
Project("{FAE04EC0-301F-11D3-BF4B-00C04F79EFBC}") = "BisleySolitaireCP", "..\..\Libraries\CrossPlatform\Games\BisleySolitaireCP\BisleySolitaireCP.csproj", "{16617CF5-058D-4EE6-9511-4D2D65EADB0B}"
EndProject
Project("{FAE04EC0-301F-11D3-BF4B-00C04F79EFBC}") = "BisleySolitaireBlazor", "..\..\Libraries\Blazor\Games\BisleySolitaireBlazor\BisleySolitaireBlazor.csproj", "{0412BF76-BA31-4280-883C-28C013184F13}"
EndProject
Project("{FAE04EC0-301F-11D3-BF4B-00C04F79EFBC}") = "FlorentineSolitaireCP", "..\..\Libraries\CrossPlatform\Games\FlorentineSolitaireCP\FlorentineSolitaireCP.csproj", "{F50B4154-9A91-4982-86D7-F0AB05D3ABD1}"
EndProject
Project("{FAE04EC0-301F-11D3-BF4B-00C04F79EFBC}") = "FlorentineSolitaireBlazor", "..\..\Libraries\Blazor\Games\FlorentineSolitaireBlazor\FlorentineSolitaireBlazor.csproj", "{DBFACBED-433C-4B18-A4EC-4048F2F47FAF}"
EndProject
Project("{FAE04EC0-301F-11D3-BF4B-00C04F79EFBC}") = "FreeCellSolitaireCP", "..\..\Libraries\CrossPlatform\Games\FreeCellSolitaireCP\FreeCellSolitaireCP.csproj", "{235D56D1-4F49-472B-A487-5E3DCCDF0FC9}"
EndProject
Project("{FAE04EC0-301F-11D3-BF4B-00C04F79EFBC}") = "FreeCellSolitaireBlazor", "..\..\Libraries\Blazor\Games\FreeCellSolitaireBlazor\FreeCellSolitaireBlazor.csproj", "{3F08278A-32B7-4E82-9300-C91523B26A15}"
EndProject
Project("{FAE04EC0-301F-11D3-BF4B-00C04F79EFBC}") = "BakersDozenSolitaireCP", "..\..\Libraries\CrossPlatform\Games\BakersDozenSolitaireCP\BakersDozenSolitaireCP.csproj", "{DB3016CF-B656-4535-ADBB-2D0EBE348686}"
EndProject
Project("{FAE04EC0-301F-11D3-BF4B-00C04F79EFBC}") = "BakersDozenSolitaireBlazor", "..\..\Libraries\Blazor\Games\BakersDozenSolitaireBlazor\BakersDozenSolitaireBlazor.csproj", "{6D98E5CA-7B68-4D00-B053-59334C6BBD6F}"
EndProject
Project("{FAE04EC0-301F-11D3-BF4B-00C04F79EFBC}") = "BeleaguredCastleCP", "..\..\Libraries\CrossPlatform\Games\BeleaguredCastleCP\BeleaguredCastleCP.csproj", "{C0B9B4B1-9467-4718-9D19-E0E20DE7B1FE}"
EndProject
Project("{FAE04EC0-301F-11D3-BF4B-00C04F79EFBC}") = "BeleaguredCastleBlazor", "..\..\Libraries\Blazor\Games\BeleaguredCastleBlazor\BeleaguredCastleBlazor.csproj", "{128CDAB7-313D-41AA-9801-708B9D341D88}"
EndProject
Project("{FAE04EC0-301F-11D3-BF4B-00C04F79EFBC}") = "EightOffSolitaireCP", "..\..\Libraries\CrossPlatform\Games\EightOffSolitaireCP\EightOffSolitaireCP.csproj", "{49E79E98-376B-4CCB-BAA2-C71ACF146CB4}"
EndProject
Project("{FAE04EC0-301F-11D3-BF4B-00C04F79EFBC}") = "EightOffSolitaireBlazor", "..\..\Libraries\Blazor\Games\EightOffSolitaireBlazor\EightOffSolitaireBlazor.csproj", "{BE78F7EC-13CA-4FB0-83EC-61C1A4A7B797}"
EndProject
Project("{FAE04EC0-301F-11D3-BF4B-00C04F79EFBC}") = "SpiderSolitaireCP", "..\..\Libraries\CrossPlatform\Games\SpiderSolitaireCP\SpiderSolitaireCP.csproj", "{494F0B1F-3CF1-490A-BE27-54C12078EC2D}"
EndProject
Project("{FAE04EC0-301F-11D3-BF4B-00C04F79EFBC}") = "SpiderSolitaireBlazor", "..\..\Libraries\Blazor\Games\SpiderSolitaireBlazor\SpiderSolitaireBlazor.csproj", "{6E9FBA96-624A-4877-8A9F-5E8FBAA15B20}"
EndProject
Project("{FAE04EC0-301F-11D3-BF4B-00C04F79EFBC}") = "MarthaSolitaireCP", "..\..\Libraries\CrossPlatform\Games\MarthaSolitaireCP\MarthaSolitaireCP.csproj", "{57728946-75AB-4D84-94B7-6429A243ABB8}"
EndProject
Project("{FAE04EC0-301F-11D3-BF4B-00C04F79EFBC}") = "MarthaSolitaireBlazor", "..\..\Libraries\Blazor\Games\MarthaSolitaireBlazor\MarthaSolitaireBlazor.csproj", "{A306A23E-B8E9-4EB9-874B-53D70B30FCBF}"
EndProject
Project("{FAE04EC0-301F-11D3-BF4B-00C04F79EFBC}") = "PersianSolitaireCP", "..\..\Libraries\CrossPlatform\Games\PersianSolitaireCP\PersianSolitaireCP.csproj", "{8AD03AA4-518E-42E3-960F-650B228B3B2E}"
EndProject
Project("{FAE04EC0-301F-11D3-BF4B-00C04F79EFBC}") = "PersianSolitaireBlazor", "..\..\Libraries\Blazor\Games\PersianSolitaireBlazor\PersianSolitaireBlazor.csproj", "{EACCAA61-1544-44A9-BC41-C078DF37DAB2}"
EndProject
Project("{FAE04EC0-301F-11D3-BF4B-00C04F79EFBC}") = "GrandfathersClockCP", "..\..\Libraries\CrossPlatform\Games\GrandfathersClockCP\GrandfathersClockCP.csproj", "{2E827D63-5E6C-48B7-9EC1-C964EC6C3650}"
EndProject
Project("{FAE04EC0-301F-11D3-BF4B-00C04F79EFBC}") = "GrandfathersClockBlazor", "..\..\Libraries\Blazor\Games\GrandfathersClockBlazor\GrandfathersClockBlazor.csproj", "{519EA053-35C8-4C96-B876-481F7B791AFD}"
EndProject
Project("{FAE04EC0-301F-11D3-BF4B-00C04F79EFBC}") = "PyramidSolitaireCP", "..\..\Libraries\CrossPlatform\Games\PyramidSolitaireCP\PyramidSolitaireCP.csproj", "{4EBB2685-73B0-438D-8E14-90D3D6C8433B}"
EndProject
Project("{FAE04EC0-301F-11D3-BF4B-00C04F79EFBC}") = "PyramidSolitaireBlazor", "..\..\Libraries\Blazor\Games\PyramidSolitaireBlazor\PyramidSolitaireBlazor.csproj", "{546FE600-9856-4308-B0E6-A38C82AA64AE}"
EndProject
Global
	GlobalSection(SolutionConfigurationPlatforms) = preSolution
		Debug|Any CPU = Debug|Any CPU
		Release|Any CPU = Release|Any CPU
	EndGlobalSection
	GlobalSection(ProjectConfigurationPlatforms) = postSolution
		{4586BFE1-225C-4B9C-B227-9EDF4D8335EE}.Debug|Any CPU.ActiveCfg = Debug|Any CPU
		{4586BFE1-225C-4B9C-B227-9EDF4D8335EE}.Debug|Any CPU.Build.0 = Debug|Any CPU
		{4586BFE1-225C-4B9C-B227-9EDF4D8335EE}.Release|Any CPU.ActiveCfg = Release|Any CPU
		{4586BFE1-225C-4B9C-B227-9EDF4D8335EE}.Release|Any CPU.Build.0 = Release|Any CPU
		{62F070D7-A84A-4C20-9A26-7A598E4A5AE3}.Debug|Any CPU.ActiveCfg = Debug|Any CPU
		{62F070D7-A84A-4C20-9A26-7A598E4A5AE3}.Debug|Any CPU.Build.0 = Debug|Any CPU
		{62F070D7-A84A-4C20-9A26-7A598E4A5AE3}.Release|Any CPU.ActiveCfg = Release|Any CPU
		{62F070D7-A84A-4C20-9A26-7A598E4A5AE3}.Release|Any CPU.Build.0 = Release|Any CPU
		{352CAAFD-C160-4E6D-BE1A-CE3B7908D909}.Debug|Any CPU.ActiveCfg = Debug|Any CPU
		{352CAAFD-C160-4E6D-BE1A-CE3B7908D909}.Debug|Any CPU.Build.0 = Debug|Any CPU
		{352CAAFD-C160-4E6D-BE1A-CE3B7908D909}.Release|Any CPU.ActiveCfg = Release|Any CPU
		{352CAAFD-C160-4E6D-BE1A-CE3B7908D909}.Release|Any CPU.Build.0 = Release|Any CPU
		{ECBD5E33-FB24-4BC5-8A7C-4512DE84D5A6}.Debug|Any CPU.ActiveCfg = Debug|Any CPU
		{ECBD5E33-FB24-4BC5-8A7C-4512DE84D5A6}.Debug|Any CPU.Build.0 = Debug|Any CPU
		{ECBD5E33-FB24-4BC5-8A7C-4512DE84D5A6}.Release|Any CPU.ActiveCfg = Release|Any CPU
		{ECBD5E33-FB24-4BC5-8A7C-4512DE84D5A6}.Release|Any CPU.Build.0 = Release|Any CPU
		{9126B0BC-C6BA-46EC-9CB3-64ADD711CFAD}.Debug|Any CPU.ActiveCfg = Debug|Any CPU
		{9126B0BC-C6BA-46EC-9CB3-64ADD711CFAD}.Debug|Any CPU.Build.0 = Debug|Any CPU
		{9126B0BC-C6BA-46EC-9CB3-64ADD711CFAD}.Release|Any CPU.ActiveCfg = Release|Any CPU
		{9126B0BC-C6BA-46EC-9CB3-64ADD711CFAD}.Release|Any CPU.Build.0 = Release|Any CPU
		{7A886C82-08FE-4B5B-9BE6-3EA54DDBD8C7}.Debug|Any CPU.ActiveCfg = Debug|Any CPU
		{7A886C82-08FE-4B5B-9BE6-3EA54DDBD8C7}.Debug|Any CPU.Build.0 = Debug|Any CPU
		{7A886C82-08FE-4B5B-9BE6-3EA54DDBD8C7}.Release|Any CPU.ActiveCfg = Release|Any CPU
		{7A886C82-08FE-4B5B-9BE6-3EA54DDBD8C7}.Release|Any CPU.Build.0 = Release|Any CPU
		{796A26A9-7497-40E2-B4EF-1EA93C46E343}.Debug|Any CPU.ActiveCfg = Debug|Any CPU
		{796A26A9-7497-40E2-B4EF-1EA93C46E343}.Debug|Any CPU.Build.0 = Debug|Any CPU
		{796A26A9-7497-40E2-B4EF-1EA93C46E343}.Release|Any CPU.ActiveCfg = Release|Any CPU
		{796A26A9-7497-40E2-B4EF-1EA93C46E343}.Release|Any CPU.Build.0 = Release|Any CPU
		{0DE9CEA7-A90D-480D-9941-1A0A98C99448}.Debug|Any CPU.ActiveCfg = Debug|Any CPU
		{0DE9CEA7-A90D-480D-9941-1A0A98C99448}.Debug|Any CPU.Build.0 = Debug|Any CPU
		{0DE9CEA7-A90D-480D-9941-1A0A98C99448}.Release|Any CPU.ActiveCfg = Release|Any CPU
		{0DE9CEA7-A90D-480D-9941-1A0A98C99448}.Release|Any CPU.Build.0 = Release|Any CPU
		{16617CF5-058D-4EE6-9511-4D2D65EADB0B}.Debug|Any CPU.ActiveCfg = Debug|Any CPU
		{16617CF5-058D-4EE6-9511-4D2D65EADB0B}.Debug|Any CPU.Build.0 = Debug|Any CPU
		{16617CF5-058D-4EE6-9511-4D2D65EADB0B}.Release|Any CPU.ActiveCfg = Release|Any CPU
		{16617CF5-058D-4EE6-9511-4D2D65EADB0B}.Release|Any CPU.Build.0 = Release|Any CPU
		{0412BF76-BA31-4280-883C-28C013184F13}.Debug|Any CPU.ActiveCfg = Debug|Any CPU
		{0412BF76-BA31-4280-883C-28C013184F13}.Debug|Any CPU.Build.0 = Debug|Any CPU
		{0412BF76-BA31-4280-883C-28C013184F13}.Release|Any CPU.ActiveCfg = Release|Any CPU
		{0412BF76-BA31-4280-883C-28C013184F13}.Release|Any CPU.Build.0 = Release|Any CPU
		{F50B4154-9A91-4982-86D7-F0AB05D3ABD1}.Debug|Any CPU.ActiveCfg = Debug|Any CPU
		{F50B4154-9A91-4982-86D7-F0AB05D3ABD1}.Debug|Any CPU.Build.0 = Debug|Any CPU
		{F50B4154-9A91-4982-86D7-F0AB05D3ABD1}.Release|Any CPU.ActiveCfg = Release|Any CPU
		{F50B4154-9A91-4982-86D7-F0AB05D3ABD1}.Release|Any CPU.Build.0 = Release|Any CPU
		{DBFACBED-433C-4B18-A4EC-4048F2F47FAF}.Debug|Any CPU.ActiveCfg = Debug|Any CPU
		{DBFACBED-433C-4B18-A4EC-4048F2F47FAF}.Debug|Any CPU.Build.0 = Debug|Any CPU
		{DBFACBED-433C-4B18-A4EC-4048F2F47FAF}.Release|Any CPU.ActiveCfg = Release|Any CPU
		{DBFACBED-433C-4B18-A4EC-4048F2F47FAF}.Release|Any CPU.Build.0 = Release|Any CPU
		{235D56D1-4F49-472B-A487-5E3DCCDF0FC9}.Debug|Any CPU.ActiveCfg = Debug|Any CPU
		{235D56D1-4F49-472B-A487-5E3DCCDF0FC9}.Debug|Any CPU.Build.0 = Debug|Any CPU
		{235D56D1-4F49-472B-A487-5E3DCCDF0FC9}.Release|Any CPU.ActiveCfg = Release|Any CPU
		{235D56D1-4F49-472B-A487-5E3DCCDF0FC9}.Release|Any CPU.Build.0 = Release|Any CPU
		{3F08278A-32B7-4E82-9300-C91523B26A15}.Debug|Any CPU.ActiveCfg = Debug|Any CPU
		{3F08278A-32B7-4E82-9300-C91523B26A15}.Debug|Any CPU.Build.0 = Debug|Any CPU
		{3F08278A-32B7-4E82-9300-C91523B26A15}.Release|Any CPU.ActiveCfg = Release|Any CPU
		{3F08278A-32B7-4E82-9300-C91523B26A15}.Release|Any CPU.Build.0 = Release|Any CPU
		{DB3016CF-B656-4535-ADBB-2D0EBE348686}.Debug|Any CPU.ActiveCfg = Debug|Any CPU
		{DB3016CF-B656-4535-ADBB-2D0EBE348686}.Debug|Any CPU.Build.0 = Debug|Any CPU
		{DB3016CF-B656-4535-ADBB-2D0EBE348686}.Release|Any CPU.ActiveCfg = Release|Any CPU
		{DB3016CF-B656-4535-ADBB-2D0EBE348686}.Release|Any CPU.Build.0 = Release|Any CPU
		{6D98E5CA-7B68-4D00-B053-59334C6BBD6F}.Debug|Any CPU.ActiveCfg = Debug|Any CPU
		{6D98E5CA-7B68-4D00-B053-59334C6BBD6F}.Debug|Any CPU.Build.0 = Debug|Any CPU
		{6D98E5CA-7B68-4D00-B053-59334C6BBD6F}.Release|Any CPU.ActiveCfg = Release|Any CPU
		{6D98E5CA-7B68-4D00-B053-59334C6BBD6F}.Release|Any CPU.Build.0 = Release|Any CPU
		{C0B9B4B1-9467-4718-9D19-E0E20DE7B1FE}.Debug|Any CPU.ActiveCfg = Debug|Any CPU
		{C0B9B4B1-9467-4718-9D19-E0E20DE7B1FE}.Debug|Any CPU.Build.0 = Debug|Any CPU
		{C0B9B4B1-9467-4718-9D19-E0E20DE7B1FE}.Release|Any CPU.ActiveCfg = Release|Any CPU
		{C0B9B4B1-9467-4718-9D19-E0E20DE7B1FE}.Release|Any CPU.Build.0 = Release|Any CPU
		{128CDAB7-313D-41AA-9801-708B9D341D88}.Debug|Any CPU.ActiveCfg = Debug|Any CPU
		{128CDAB7-313D-41AA-9801-708B9D341D88}.Debug|Any CPU.Build.0 = Debug|Any CPU
		{128CDAB7-313D-41AA-9801-708B9D341D88}.Release|Any CPU.ActiveCfg = Release|Any CPU
		{128CDAB7-313D-41AA-9801-708B9D341D88}.Release|Any CPU.Build.0 = Release|Any CPU
		{49E79E98-376B-4CCB-BAA2-C71ACF146CB4}.Debug|Any CPU.ActiveCfg = Debug|Any CPU
		{49E79E98-376B-4CCB-BAA2-C71ACF146CB4}.Debug|Any CPU.Build.0 = Debug|Any CPU
		{49E79E98-376B-4CCB-BAA2-C71ACF146CB4}.Release|Any CPU.ActiveCfg = Release|Any CPU
		{49E79E98-376B-4CCB-BAA2-C71ACF146CB4}.Release|Any CPU.Build.0 = Release|Any CPU
		{BE78F7EC-13CA-4FB0-83EC-61C1A4A7B797}.Debug|Any CPU.ActiveCfg = Debug|Any CPU
		{BE78F7EC-13CA-4FB0-83EC-61C1A4A7B797}.Debug|Any CPU.Build.0 = Debug|Any CPU
		{BE78F7EC-13CA-4FB0-83EC-61C1A4A7B797}.Release|Any CPU.ActiveCfg = Release|Any CPU
		{BE78F7EC-13CA-4FB0-83EC-61C1A4A7B797}.Release|Any CPU.Build.0 = Release|Any CPU
		{494F0B1F-3CF1-490A-BE27-54C12078EC2D}.Debug|Any CPU.ActiveCfg = Debug|Any CPU
		{494F0B1F-3CF1-490A-BE27-54C12078EC2D}.Debug|Any CPU.Build.0 = Debug|Any CPU
		{494F0B1F-3CF1-490A-BE27-54C12078EC2D}.Release|Any CPU.ActiveCfg = Release|Any CPU
		{494F0B1F-3CF1-490A-BE27-54C12078EC2D}.Release|Any CPU.Build.0 = Release|Any CPU
		{6E9FBA96-624A-4877-8A9F-5E8FBAA15B20}.Debug|Any CPU.ActiveCfg = Debug|Any CPU
		{6E9FBA96-624A-4877-8A9F-5E8FBAA15B20}.Debug|Any CPU.Build.0 = Debug|Any CPU
		{6E9FBA96-624A-4877-8A9F-5E8FBAA15B20}.Release|Any CPU.ActiveCfg = Release|Any CPU
		{6E9FBA96-624A-4877-8A9F-5E8FBAA15B20}.Release|Any CPU.Build.0 = Release|Any CPU
		{57728946-75AB-4D84-94B7-6429A243ABB8}.Debug|Any CPU.ActiveCfg = Debug|Any CPU
		{57728946-75AB-4D84-94B7-6429A243ABB8}.Debug|Any CPU.Build.0 = Debug|Any CPU
		{57728946-75AB-4D84-94B7-6429A243ABB8}.Release|Any CPU.ActiveCfg = Release|Any CPU
		{57728946-75AB-4D84-94B7-6429A243ABB8}.Release|Any CPU.Build.0 = Release|Any CPU
		{A306A23E-B8E9-4EB9-874B-53D70B30FCBF}.Debug|Any CPU.ActiveCfg = Debug|Any CPU
		{A306A23E-B8E9-4EB9-874B-53D70B30FCBF}.Debug|Any CPU.Build.0 = Debug|Any CPU
		{A306A23E-B8E9-4EB9-874B-53D70B30FCBF}.Release|Any CPU.ActiveCfg = Release|Any CPU
		{A306A23E-B8E9-4EB9-874B-53D70B30FCBF}.Release|Any CPU.Build.0 = Release|Any CPU
		{8AD03AA4-518E-42E3-960F-650B228B3B2E}.Debug|Any CPU.ActiveCfg = Debug|Any CPU
		{8AD03AA4-518E-42E3-960F-650B228B3B2E}.Debug|Any CPU.Build.0 = Debug|Any CPU
		{8AD03AA4-518E-42E3-960F-650B228B3B2E}.Release|Any CPU.ActiveCfg = Release|Any CPU
		{8AD03AA4-518E-42E3-960F-650B228B3B2E}.Release|Any CPU.Build.0 = Release|Any CPU
		{EACCAA61-1544-44A9-BC41-C078DF37DAB2}.Debug|Any CPU.ActiveCfg = Debug|Any CPU
		{EACCAA61-1544-44A9-BC41-C078DF37DAB2}.Debug|Any CPU.Build.0 = Debug|Any CPU
		{EACCAA61-1544-44A9-BC41-C078DF37DAB2}.Release|Any CPU.ActiveCfg = Release|Any CPU
		{EACCAA61-1544-44A9-BC41-C078DF37DAB2}.Release|Any CPU.Build.0 = Release|Any CPU
		{2E827D63-5E6C-48B7-9EC1-C964EC6C3650}.Debug|Any CPU.ActiveCfg = Debug|Any CPU
		{2E827D63-5E6C-48B7-9EC1-C964EC6C3650}.Debug|Any CPU.Build.0 = Debug|Any CPU
		{2E827D63-5E6C-48B7-9EC1-C964EC6C3650}.Release|Any CPU.ActiveCfg = Release|Any CPU
		{2E827D63-5E6C-48B7-9EC1-C964EC6C3650}.Release|Any CPU.Build.0 = Release|Any CPU
		{519EA053-35C8-4C96-B876-481F7B791AFD}.Debug|Any CPU.ActiveCfg = Debug|Any CPU
		{519EA053-35C8-4C96-B876-481F7B791AFD}.Debug|Any CPU.Build.0 = Debug|Any CPU
		{519EA053-35C8-4C96-B876-481F7B791AFD}.Release|Any CPU.ActiveCfg = Release|Any CPU
		{519EA053-35C8-4C96-B876-481F7B791AFD}.Release|Any CPU.Build.0 = Release|Any CPU
		{4EBB2685-73B0-438D-8E14-90D3D6C8433B}.Debug|Any CPU.ActiveCfg = Debug|Any CPU
		{4EBB2685-73B0-438D-8E14-90D3D6C8433B}.Debug|Any CPU.Build.0 = Debug|Any CPU
		{4EBB2685-73B0-438D-8E14-90D3D6C8433B}.Release|Any CPU.ActiveCfg = Release|Any CPU
		{4EBB2685-73B0-438D-8E14-90D3D6C8433B}.Release|Any CPU.Build.0 = Release|Any CPU
		{546FE600-9856-4308-B0E6-A38C82AA64AE}.Debug|Any CPU.ActiveCfg = Debug|Any CPU
		{546FE600-9856-4308-B0E6-A38C82AA64AE}.Debug|Any CPU.Build.0 = Debug|Any CPU
		{546FE600-9856-4308-B0E6-A38C82AA64AE}.Release|Any CPU.ActiveCfg = Release|Any CPU
		{546FE600-9856-4308-B0E6-A38C82AA64AE}.Release|Any CPU.Build.0 = Release|Any CPU
	EndGlobalSection
	GlobalSection(SolutionProperties) = preSolution
		HideSolutionNode = FALSE
	EndGlobalSection
	GlobalSection(ExtensibilityGlobals) = postSolution
		SolutionGuid = {9F4B4333-AC3F-4A06-93CC-EC0598072B24}
	EndGlobalSection
EndGlobal
