
Microsoft Visual Studio Solution File, Format Version 12.00
# Visual Studio Version 16
VisualStudioVersion = 16.0.30709.132
MinimumVisualStudioVersion = 10.0.40219.1
Project("{FAE04EC0-301F-11D3-BF4B-00C04F79EFBC}") = "AndyFavoriteSoloGames", "AndyFavoriteSoloGames.csproj", "{4586BFE1-225C-4B9C-B227-9EDF4D8335EE}"
EndProject
Project("{FAE04EC0-301F-11D3-BF4B-00C04F79EFBC}") = "MahJongSolitaireCP", "..\..\Libraries\CrossPlatform\Games\MahJongSolitaireCP\MahJongSolitaireCP.csproj", "{750F0857-3ABA-476B-83C6-4A2277388C44}"
EndProject
Project("{FAE04EC0-301F-11D3-BF4B-00C04F79EFBC}") = "MahJongSolitaireBlazor", "..\..\Libraries\Blazor\Games\MahJongSolitaireBlazor\MahJongSolitaireBlazor.csproj", "{BFA83BFD-87A0-48CB-8681-90EE939177A6}"
EndProject
Project("{FAE04EC0-301F-11D3-BF4B-00C04F79EFBC}") = "KlondikeSolitaireCP", "..\..\Libraries\CrossPlatform\Games\KlondikeSolitaireCP\KlondikeSolitaireCP.csproj", "{28AA62C7-875A-425E-AD0C-27F34C0A03A1}"
EndProject
Project("{FAE04EC0-301F-11D3-BF4B-00C04F79EFBC}") = "KlondikeSolitaireBlazor", "..\..\Libraries\Blazor\Games\KlondikeSolitaireBlazor\KlondikeSolitaireBlazor.csproj", "{1C5399BF-E086-489D-9FCC-F5F3335C46E8}"
EndProject
Project("{FAE04EC0-301F-11D3-BF4B-00C04F79EFBC}") = "BisleySolitaireCP", "..\..\Libraries\CrossPlatform\Games\BisleySolitaireCP\BisleySolitaireCP.csproj", "{F792223E-6AD1-4727-A56A-8AB3FBAC3716}"
EndProject
Project("{FAE04EC0-301F-11D3-BF4B-00C04F79EFBC}") = "BisleySolitaireBlazor", "..\..\Libraries\Blazor\Games\BisleySolitaireBlazor\BisleySolitaireBlazor.csproj", "{8B6DA0DE-FC43-4ACF-AE92-BDC80C4F3175}"
EndProject
Project("{FAE04EC0-301F-11D3-BF4B-00C04F79EFBC}") = "FlorentineSolitaireCP", "..\..\Libraries\CrossPlatform\Games\FlorentineSolitaireCP\FlorentineSolitaireCP.csproj", "{C212D25F-9F8C-4603-9DAB-515DE8410744}"
EndProject
Project("{FAE04EC0-301F-11D3-BF4B-00C04F79EFBC}") = "FlorentineSolitaireBlazor", "..\..\Libraries\Blazor\Games\FlorentineSolitaireBlazor\FlorentineSolitaireBlazor.csproj", "{5ACE80B4-F161-40E4-917B-63223914DE56}"
EndProject
Project("{FAE04EC0-301F-11D3-BF4B-00C04F79EFBC}") = "FreeCellSolitaireCP", "..\..\Libraries\CrossPlatform\Games\FreeCellSolitaireCP\FreeCellSolitaireCP.csproj", "{2637F2BF-A586-4636-931E-508F366D3FC1}"
EndProject
Project("{FAE04EC0-301F-11D3-BF4B-00C04F79EFBC}") = "FreeCellSolitaireBlazor", "..\..\Libraries\Blazor\Games\FreeCellSolitaireBlazor\FreeCellSolitaireBlazor.csproj", "{C307A496-05FD-47EF-96CB-06392D173362}"
EndProject
Project("{FAE04EC0-301F-11D3-BF4B-00C04F79EFBC}") = "BakersDozenSolitaireCP", "..\..\Libraries\CrossPlatform\Games\BakersDozenSolitaireCP\BakersDozenSolitaireCP.csproj", "{308B468C-2381-4C14-A932-9A073936EC0E}"
EndProject
Project("{FAE04EC0-301F-11D3-BF4B-00C04F79EFBC}") = "BakersDozenSolitaireBlazor", "..\..\Libraries\Blazor\Games\BakersDozenSolitaireBlazor\BakersDozenSolitaireBlazor.csproj", "{B7EF07FB-C94E-4754-BDD6-4B736774E711}"
EndProject
Project("{FAE04EC0-301F-11D3-BF4B-00C04F79EFBC}") = "BeleaguredCastleCP", "..\..\Libraries\CrossPlatform\Games\BeleaguredCastleCP\BeleaguredCastleCP.csproj", "{9A485189-C778-4766-9FC9-40C36253702B}"
EndProject
Project("{FAE04EC0-301F-11D3-BF4B-00C04F79EFBC}") = "BeleaguredCastleBlazor", "..\..\Libraries\Blazor\Games\BeleaguredCastleBlazor\BeleaguredCastleBlazor.csproj", "{47877567-DDE7-40CE-9FE6-F2A6D25E058E}"
EndProject
Project("{FAE04EC0-301F-11D3-BF4B-00C04F79EFBC}") = "EightOffSolitaireCP", "..\..\Libraries\CrossPlatform\Games\EightOffSolitaireCP\EightOffSolitaireCP.csproj", "{7725428A-E07E-4841-9481-29155AA0BE2F}"
EndProject
Project("{FAE04EC0-301F-11D3-BF4B-00C04F79EFBC}") = "EightOffSolitaireBlazor", "..\..\Libraries\Blazor\Games\EightOffSolitaireBlazor\EightOffSolitaireBlazor.csproj", "{4146C061-93EF-40F3-B7D3-A864DAEF6412}"
EndProject
Project("{FAE04EC0-301F-11D3-BF4B-00C04F79EFBC}") = "SpiderSolitaireCP", "..\..\Libraries\CrossPlatform\Games\SpiderSolitaireCP\SpiderSolitaireCP.csproj", "{E8D15B49-8228-44EB-AE0E-D39F09FD9C3E}"
EndProject
Project("{FAE04EC0-301F-11D3-BF4B-00C04F79EFBC}") = "SpiderSolitaireBlazor", "..\..\Libraries\Blazor\Games\SpiderSolitaireBlazor\SpiderSolitaireBlazor.csproj", "{CA018420-AB53-4186-9C19-9EF657E927EB}"
EndProject
Project("{FAE04EC0-301F-11D3-BF4B-00C04F79EFBC}") = "MarthaSolitaireCP", "..\..\Libraries\CrossPlatform\Games\MarthaSolitaireCP\MarthaSolitaireCP.csproj", "{3FB386C4-9D05-433B-AB7E-7BAF64E8738C}"
EndProject
Project("{FAE04EC0-301F-11D3-BF4B-00C04F79EFBC}") = "MarthaSolitaireBlazor", "..\..\Libraries\Blazor\Games\MarthaSolitaireBlazor\MarthaSolitaireBlazor.csproj", "{DD09D382-A527-473C-AB67-BE834D612737}"
EndProject
Project("{FAE04EC0-301F-11D3-BF4B-00C04F79EFBC}") = "PersianSolitaireCP", "..\..\Libraries\CrossPlatform\Games\PersianSolitaireCP\PersianSolitaireCP.csproj", "{87C5A73B-CCAA-4E9E-848E-BB2C8B42B65F}"
EndProject
Project("{FAE04EC0-301F-11D3-BF4B-00C04F79EFBC}") = "PersianSolitaireBlazor", "..\..\Libraries\Blazor\Games\PersianSolitaireBlazor\PersianSolitaireBlazor.csproj", "{02FFAC2C-4707-4AB8-8FA7-0061A9910BFB}"
EndProject
Project("{FAE04EC0-301F-11D3-BF4B-00C04F79EFBC}") = "GrandfathersClockCP", "..\..\Libraries\CrossPlatform\Games\GrandfathersClockCP\GrandfathersClockCP.csproj", "{998C0FDF-86DF-4ABB-B883-E0A301EE64D3}"
EndProject
Project("{FAE04EC0-301F-11D3-BF4B-00C04F79EFBC}") = "GrandfathersClockBlazor", "..\..\Libraries\Blazor\Games\GrandfathersClockBlazor\GrandfathersClockBlazor.csproj", "{66280CF3-6010-4672-8134-0883E79F45A5}"
EndProject
Project("{FAE04EC0-301F-11D3-BF4B-00C04F79EFBC}") = "PyramidSolitaireCP", "..\..\Libraries\CrossPlatform\Games\PyramidSolitaireCP\PyramidSolitaireCP.csproj", "{8BF636AE-79DD-46BE-BF17-CFE0C3B79686}"
EndProject
Project("{FAE04EC0-301F-11D3-BF4B-00C04F79EFBC}") = "PyramidSolitaireBlazor", "..\..\Libraries\Blazor\Games\PyramidSolitaireBlazor\PyramidSolitaireBlazor.csproj", "{0E30BF92-1886-44A8-A7A8-805924F0A9CA}"
EndProject
Project("{FAE04EC0-301F-11D3-BF4B-00C04F79EFBC}") = "BasicGameFrameworkLibrary", "..\..\Libraries\CrossPlatform\Standard\BasicGameFrameworkLibrary\BasicGameFrameworkLibrary.csproj", "{70272AD1-5F05-4E4D-B331-E8E2DDB66F52}"
EndProject
Project("{FAE04EC0-301F-11D3-BF4B-00C04F79EFBC}") = "BasicGamingUIBlazorLibrary", "..\..\Libraries\Blazor\Standard\BasicGamingUIBlazorLibrary\BasicGamingUIBlazorLibrary.csproj", "{BC05F21E-EF80-488E-A91C-E953046FCF24}"
EndProject
Project("{FAE04EC0-301F-11D3-BF4B-00C04F79EFBC}") = "GameLoaderBlazorLibrary", "..\..\Libraries\Blazor\Standard\GameLoaderBlazorLibrary\GameLoaderBlazorLibrary.csproj", "{019C68A1-7B7B-4DB4-90F2-20BB416E8336}"
EndProject
Global
	GlobalSection(SolutionConfigurationPlatforms) = preSolution
		Debug|Any CPU = Debug|Any CPU
		Release|Any CPU = Release|Any CPU
	EndGlobalSection
	GlobalSection(ProjectConfigurationPlatforms) = postSolution
		{4586BFE1-225C-4B9C-B227-9EDF4D8335EE}.Debug|Any CPU.ActiveCfg = Debug|Any CPU
		{4586BFE1-225C-4B9C-B227-9EDF4D8335EE}.Debug|Any CPU.Build.0 = Debug|Any CPU
		{4586BFE1-225C-4B9C-B227-9EDF4D8335EE}.Release|Any CPU.ActiveCfg = Release|Any CPU
		{4586BFE1-225C-4B9C-B227-9EDF4D8335EE}.Release|Any CPU.Build.0 = Release|Any CPU
		{62F070D7-A84A-4C20-9A26-7A598E4A5AE3}.Debug|Any CPU.ActiveCfg = Debug|Any CPU
		{62F070D7-A84A-4C20-9A26-7A598E4A5AE3}.Debug|Any CPU.Build.0 = Debug|Any CPU
		{62F070D7-A84A-4C20-9A26-7A598E4A5AE3}.Release|Any CPU.ActiveCfg = Release|Any CPU
		{62F070D7-A84A-4C20-9A26-7A598E4A5AE3}.Release|Any CPU.Build.0 = Release|Any CPU
		{352CAAFD-C160-4E6D-BE1A-CE3B7908D909}.Debug|Any CPU.ActiveCfg = Debug|Any CPU
		{352CAAFD-C160-4E6D-BE1A-CE3B7908D909}.Debug|Any CPU.Build.0 = Debug|Any CPU
		{352CAAFD-C160-4E6D-BE1A-CE3B7908D909}.Release|Any CPU.ActiveCfg = Release|Any CPU
		{352CAAFD-C160-4E6D-BE1A-CE3B7908D909}.Release|Any CPU.Build.0 = Release|Any CPU
		{ECBD5E33-FB24-4BC5-8A7C-4512DE84D5A6}.Debug|Any CPU.ActiveCfg = Debug|Any CPU
		{ECBD5E33-FB24-4BC5-8A7C-4512DE84D5A6}.Debug|Any CPU.Build.0 = Debug|Any CPU
		{ECBD5E33-FB24-4BC5-8A7C-4512DE84D5A6}.Release|Any CPU.ActiveCfg = Release|Any CPU
		{ECBD5E33-FB24-4BC5-8A7C-4512DE84D5A6}.Release|Any CPU.Build.0 = Release|Any CPU
		{750F0857-3ABA-476B-83C6-4A2277388C44}.Debug|Any CPU.ActiveCfg = Debug|Any CPU
		{750F0857-3ABA-476B-83C6-4A2277388C44}.Debug|Any CPU.Build.0 = Debug|Any CPU
		{750F0857-3ABA-476B-83C6-4A2277388C44}.Release|Any CPU.ActiveCfg = Release|Any CPU
		{750F0857-3ABA-476B-83C6-4A2277388C44}.Release|Any CPU.Build.0 = Release|Any CPU
		{BFA83BFD-87A0-48CB-8681-90EE939177A6}.Debug|Any CPU.ActiveCfg = Debug|Any CPU
		{BFA83BFD-87A0-48CB-8681-90EE939177A6}.Debug|Any CPU.Build.0 = Debug|Any CPU
		{BFA83BFD-87A0-48CB-8681-90EE939177A6}.Release|Any CPU.ActiveCfg = Release|Any CPU
		{BFA83BFD-87A0-48CB-8681-90EE939177A6}.Release|Any CPU.Build.0 = Release|Any CPU
		{28AA62C7-875A-425E-AD0C-27F34C0A03A1}.Debug|Any CPU.ActiveCfg = Debug|Any CPU
		{28AA62C7-875A-425E-AD0C-27F34C0A03A1}.Debug|Any CPU.Build.0 = Debug|Any CPU
		{28AA62C7-875A-425E-AD0C-27F34C0A03A1}.Release|Any CPU.ActiveCfg = Release|Any CPU
		{28AA62C7-875A-425E-AD0C-27F34C0A03A1}.Release|Any CPU.Build.0 = Release|Any CPU
		{1C5399BF-E086-489D-9FCC-F5F3335C46E8}.Debug|Any CPU.ActiveCfg = Debug|Any CPU
		{1C5399BF-E086-489D-9FCC-F5F3335C46E8}.Debug|Any CPU.Build.0 = Debug|Any CPU
		{1C5399BF-E086-489D-9FCC-F5F3335C46E8}.Release|Any CPU.ActiveCfg = Release|Any CPU
		{1C5399BF-E086-489D-9FCC-F5F3335C46E8}.Release|Any CPU.Build.0 = Release|Any CPU
		{F792223E-6AD1-4727-A56A-8AB3FBAC3716}.Debug|Any CPU.ActiveCfg = Debug|Any CPU
		{F792223E-6AD1-4727-A56A-8AB3FBAC3716}.Debug|Any CPU.Build.0 = Debug|Any CPU
		{F792223E-6AD1-4727-A56A-8AB3FBAC3716}.Release|Any CPU.ActiveCfg = Release|Any CPU
		{F792223E-6AD1-4727-A56A-8AB3FBAC3716}.Release|Any CPU.Build.0 = Release|Any CPU
		{8B6DA0DE-FC43-4ACF-AE92-BDC80C4F3175}.Debug|Any CPU.ActiveCfg = Debug|Any CPU
		{8B6DA0DE-FC43-4ACF-AE92-BDC80C4F3175}.Debug|Any CPU.Build.0 = Debug|Any CPU
		{8B6DA0DE-FC43-4ACF-AE92-BDC80C4F3175}.Release|Any CPU.ActiveCfg = Release|Any CPU
		{8B6DA0DE-FC43-4ACF-AE92-BDC80C4F3175}.Release|Any CPU.Build.0 = Release|Any CPU
		{C212D25F-9F8C-4603-9DAB-515DE8410744}.Debug|Any CPU.ActiveCfg = Debug|Any CPU
		{C212D25F-9F8C-4603-9DAB-515DE8410744}.Debug|Any CPU.Build.0 = Debug|Any CPU
		{C212D25F-9F8C-4603-9DAB-515DE8410744}.Release|Any CPU.ActiveCfg = Release|Any CPU
		{C212D25F-9F8C-4603-9DAB-515DE8410744}.Release|Any CPU.Build.0 = Release|Any CPU
		{5ACE80B4-F161-40E4-917B-63223914DE56}.Debug|Any CPU.ActiveCfg = Debug|Any CPU
		{5ACE80B4-F161-40E4-917B-63223914DE56}.Debug|Any CPU.Build.0 = Debug|Any CPU
		{5ACE80B4-F161-40E4-917B-63223914DE56}.Release|Any CPU.ActiveCfg = Release|Any CPU
		{5ACE80B4-F161-40E4-917B-63223914DE56}.Release|Any CPU.Build.0 = Release|Any CPU
		{2637F2BF-A586-4636-931E-508F366D3FC1}.Debug|Any CPU.ActiveCfg = Debug|Any CPU
		{2637F2BF-A586-4636-931E-508F366D3FC1}.Debug|Any CPU.Build.0 = Debug|Any CPU
		{2637F2BF-A586-4636-931E-508F366D3FC1}.Release|Any CPU.ActiveCfg = Release|Any CPU
		{2637F2BF-A586-4636-931E-508F366D3FC1}.Release|Any CPU.Build.0 = Release|Any CPU
		{C307A496-05FD-47EF-96CB-06392D173362}.Debug|Any CPU.ActiveCfg = Debug|Any CPU
		{C307A496-05FD-47EF-96CB-06392D173362}.Debug|Any CPU.Build.0 = Debug|Any CPU
		{C307A496-05FD-47EF-96CB-06392D173362}.Release|Any CPU.ActiveCfg = Release|Any CPU
		{C307A496-05FD-47EF-96CB-06392D173362}.Release|Any CPU.Build.0 = Release|Any CPU
		{308B468C-2381-4C14-A932-9A073936EC0E}.Debug|Any CPU.ActiveCfg = Debug|Any CPU
		{308B468C-2381-4C14-A932-9A073936EC0E}.Debug|Any CPU.Build.0 = Debug|Any CPU
		{308B468C-2381-4C14-A932-9A073936EC0E}.Release|Any CPU.ActiveCfg = Release|Any CPU
		{308B468C-2381-4C14-A932-9A073936EC0E}.Release|Any CPU.Build.0 = Release|Any CPU
		{B7EF07FB-C94E-4754-BDD6-4B736774E711}.Debug|Any CPU.ActiveCfg = Debug|Any CPU
		{B7EF07FB-C94E-4754-BDD6-4B736774E711}.Debug|Any CPU.Build.0 = Debug|Any CPU
		{B7EF07FB-C94E-4754-BDD6-4B736774E711}.Release|Any CPU.ActiveCfg = Release|Any CPU
		{B7EF07FB-C94E-4754-BDD6-4B736774E711}.Release|Any CPU.Build.0 = Release|Any CPU
		{9A485189-C778-4766-9FC9-40C36253702B}.Debug|Any CPU.ActiveCfg = Debug|Any CPU
		{9A485189-C778-4766-9FC9-40C36253702B}.Debug|Any CPU.Build.0 = Debug|Any CPU
		{9A485189-C778-4766-9FC9-40C36253702B}.Release|Any CPU.ActiveCfg = Release|Any CPU
		{9A485189-C778-4766-9FC9-40C36253702B}.Release|Any CPU.Build.0 = Release|Any CPU
		{47877567-DDE7-40CE-9FE6-F2A6D25E058E}.Debug|Any CPU.ActiveCfg = Debug|Any CPU
		{47877567-DDE7-40CE-9FE6-F2A6D25E058E}.Debug|Any CPU.Build.0 = Debug|Any CPU
		{47877567-DDE7-40CE-9FE6-F2A6D25E058E}.Release|Any CPU.ActiveCfg = Release|Any CPU
		{47877567-DDE7-40CE-9FE6-F2A6D25E058E}.Release|Any CPU.Build.0 = Release|Any CPU
		{7725428A-E07E-4841-9481-29155AA0BE2F}.Debug|Any CPU.ActiveCfg = Debug|Any CPU
		{7725428A-E07E-4841-9481-29155AA0BE2F}.Debug|Any CPU.Build.0 = Debug|Any CPU
		{7725428A-E07E-4841-9481-29155AA0BE2F}.Release|Any CPU.ActiveCfg = Release|Any CPU
		{7725428A-E07E-4841-9481-29155AA0BE2F}.Release|Any CPU.Build.0 = Release|Any CPU
		{4146C061-93EF-40F3-B7D3-A864DAEF6412}.Debug|Any CPU.ActiveCfg = Debug|Any CPU
		{4146C061-93EF-40F3-B7D3-A864DAEF6412}.Debug|Any CPU.Build.0 = Debug|Any CPU
		{4146C061-93EF-40F3-B7D3-A864DAEF6412}.Release|Any CPU.ActiveCfg = Release|Any CPU
		{4146C061-93EF-40F3-B7D3-A864DAEF6412}.Release|Any CPU.Build.0 = Release|Any CPU
		{E8D15B49-8228-44EB-AE0E-D39F09FD9C3E}.Debug|Any CPU.ActiveCfg = Debug|Any CPU
		{E8D15B49-8228-44EB-AE0E-D39F09FD9C3E}.Debug|Any CPU.Build.0 = Debug|Any CPU
		{E8D15B49-8228-44EB-AE0E-D39F09FD9C3E}.Release|Any CPU.ActiveCfg = Release|Any CPU
		{E8D15B49-8228-44EB-AE0E-D39F09FD9C3E}.Release|Any CPU.Build.0 = Release|Any CPU
		{CA018420-AB53-4186-9C19-9EF657E927EB}.Debug|Any CPU.ActiveCfg = Debug|Any CPU
		{CA018420-AB53-4186-9C19-9EF657E927EB}.Debug|Any CPU.Build.0 = Debug|Any CPU
		{CA018420-AB53-4186-9C19-9EF657E927EB}.Release|Any CPU.ActiveCfg = Release|Any CPU
		{CA018420-AB53-4186-9C19-9EF657E927EB}.Release|Any CPU.Build.0 = Release|Any CPU
		{3FB386C4-9D05-433B-AB7E-7BAF64E8738C}.Debug|Any CPU.ActiveCfg = Debug|Any CPU
		{3FB386C4-9D05-433B-AB7E-7BAF64E8738C}.Debug|Any CPU.Build.0 = Debug|Any CPU
		{3FB386C4-9D05-433B-AB7E-7BAF64E8738C}.Release|Any CPU.ActiveCfg = Release|Any CPU
		{3FB386C4-9D05-433B-AB7E-7BAF64E8738C}.Release|Any CPU.Build.0 = Release|Any CPU
		{DD09D382-A527-473C-AB67-BE834D612737}.Debug|Any CPU.ActiveCfg = Debug|Any CPU
		{DD09D382-A527-473C-AB67-BE834D612737}.Debug|Any CPU.Build.0 = Debug|Any CPU
		{DD09D382-A527-473C-AB67-BE834D612737}.Release|Any CPU.ActiveCfg = Release|Any CPU
		{DD09D382-A527-473C-AB67-BE834D612737}.Release|Any CPU.Build.0 = Release|Any CPU
		{87C5A73B-CCAA-4E9E-848E-BB2C8B42B65F}.Debug|Any CPU.ActiveCfg = Debug|Any CPU
		{87C5A73B-CCAA-4E9E-848E-BB2C8B42B65F}.Debug|Any CPU.Build.0 = Debug|Any CPU
		{87C5A73B-CCAA-4E9E-848E-BB2C8B42B65F}.Release|Any CPU.ActiveCfg = Release|Any CPU
		{87C5A73B-CCAA-4E9E-848E-BB2C8B42B65F}.Release|Any CPU.Build.0 = Release|Any CPU
		{02FFAC2C-4707-4AB8-8FA7-0061A9910BFB}.Debug|Any CPU.ActiveCfg = Debug|Any CPU
		{02FFAC2C-4707-4AB8-8FA7-0061A9910BFB}.Debug|Any CPU.Build.0 = Debug|Any CPU
		{02FFAC2C-4707-4AB8-8FA7-0061A9910BFB}.Release|Any CPU.ActiveCfg = Release|Any CPU
		{02FFAC2C-4707-4AB8-8FA7-0061A9910BFB}.Release|Any CPU.Build.0 = Release|Any CPU
		{998C0FDF-86DF-4ABB-B883-E0A301EE64D3}.Debug|Any CPU.ActiveCfg = Debug|Any CPU
		{998C0FDF-86DF-4ABB-B883-E0A301EE64D3}.Debug|Any CPU.Build.0 = Debug|Any CPU
		{998C0FDF-86DF-4ABB-B883-E0A301EE64D3}.Release|Any CPU.ActiveCfg = Release|Any CPU
		{998C0FDF-86DF-4ABB-B883-E0A301EE64D3}.Release|Any CPU.Build.0 = Release|Any CPU
		{66280CF3-6010-4672-8134-0883E79F45A5}.Debug|Any CPU.ActiveCfg = Debug|Any CPU
		{66280CF3-6010-4672-8134-0883E79F45A5}.Debug|Any CPU.Build.0 = Debug|Any CPU
		{66280CF3-6010-4672-8134-0883E79F45A5}.Release|Any CPU.ActiveCfg = Release|Any CPU
		{66280CF3-6010-4672-8134-0883E79F45A5}.Release|Any CPU.Build.0 = Release|Any CPU
		{8BF636AE-79DD-46BE-BF17-CFE0C3B79686}.Debug|Any CPU.ActiveCfg = Debug|Any CPU
		{8BF636AE-79DD-46BE-BF17-CFE0C3B79686}.Debug|Any CPU.Build.0 = Debug|Any CPU
		{8BF636AE-79DD-46BE-BF17-CFE0C3B79686}.Release|Any CPU.ActiveCfg = Release|Any CPU
		{8BF636AE-79DD-46BE-BF17-CFE0C3B79686}.Release|Any CPU.Build.0 = Release|Any CPU
		{0E30BF92-1886-44A8-A7A8-805924F0A9CA}.Debug|Any CPU.ActiveCfg = Debug|Any CPU
		{0E30BF92-1886-44A8-A7A8-805924F0A9CA}.Debug|Any CPU.Build.0 = Debug|Any CPU
		{0E30BF92-1886-44A8-A7A8-805924F0A9CA}.Release|Any CPU.ActiveCfg = Release|Any CPU
		{0E30BF92-1886-44A8-A7A8-805924F0A9CA}.Release|Any CPU.Build.0 = Release|Any CPU
		{70272AD1-5F05-4E4D-B331-E8E2DDB66F52}.Debug|Any CPU.ActiveCfg = Debug|Any CPU
		{70272AD1-5F05-4E4D-B331-E8E2DDB66F52}.Debug|Any CPU.Build.0 = Debug|Any CPU
		{70272AD1-5F05-4E4D-B331-E8E2DDB66F52}.Release|Any CPU.ActiveCfg = Release|Any CPU
		{70272AD1-5F05-4E4D-B331-E8E2DDB66F52}.Release|Any CPU.Build.0 = Release|Any CPU
		{BC05F21E-EF80-488E-A91C-E953046FCF24}.Debug|Any CPU.ActiveCfg = Debug|Any CPU
		{BC05F21E-EF80-488E-A91C-E953046FCF24}.Debug|Any CPU.Build.0 = Debug|Any CPU
		{BC05F21E-EF80-488E-A91C-E953046FCF24}.Release|Any CPU.ActiveCfg = Release|Any CPU
		{BC05F21E-EF80-488E-A91C-E953046FCF24}.Release|Any CPU.Build.0 = Release|Any CPU
		{019C68A1-7B7B-4DB4-90F2-20BB416E8336}.Debug|Any CPU.ActiveCfg = Debug|Any CPU
		{019C68A1-7B7B-4DB4-90F2-20BB416E8336}.Debug|Any CPU.Build.0 = Debug|Any CPU
		{019C68A1-7B7B-4DB4-90F2-20BB416E8336}.Release|Any CPU.ActiveCfg = Release|Any CPU
		{019C68A1-7B7B-4DB4-90F2-20BB416E8336}.Release|Any CPU.Build.0 = Release|Any CPU
	EndGlobalSection
	GlobalSection(SolutionProperties) = preSolution
		HideSolutionNode = FALSE
	EndGlobalSection
	GlobalSection(ExtensibilityGlobals) = postSolution
		SolutionGuid = {9F4B4333-AC3F-4A06-93CC-EC0598072B24}
	EndGlobalSection
EndGlobal
