
Microsoft Visual Studio Solution File, Format Version 12.00
# Visual Studio Version 16
VisualStudioVersion = 16.0.30709.132
MinimumVisualStudioVersion = 10.0.40219.1
Project("{FAE04EC0-301F-11D3-BF4B-00C04F79EFBC}") = "CristinaFavoriteSoloGames", "CristinaFavoriteSoloGames.csproj", "{4586BFE1-225C-4B9C-B227-9EDF4D8335EE}"
EndProject
Project("{9A19103F-16F7-4668-BE54-9A1E7A4F7556}") = "BasicGameFrameworkLibrary", "..\..\..\GamingPackXV1\Libraries\CrossPlatform\Standard\BasicGameFrameworkLibrary\BasicGameFrameworkLibrary.csproj", "{62F070D7-A84A-4C20-9A26-7A598E4A5AE3}"
EndProject
Project("{9A19103F-16F7-4668-BE54-9A1E7A4F7556}") = "GameLoaderBlazorLibrary", "..\..\..\GamingPackXV1\Libraries\Blazor\Standard\GameLoaderBlazorLibrary\GameLoaderBlazorLibrary.csproj", "{352CAAFD-C160-4E6D-BE1A-CE3B7908D909}"
EndProject
Project("{9A19103F-16F7-4668-BE54-9A1E7A4F7556}") = "BasicGamingUIBlazorLibrary", "..\..\..\GamingPackXV1\Libraries\Blazor\Standard\BasicGamingUIBlazorLibrary\BasicGamingUIBlazorLibrary.csproj", "{ECBD5E33-FB24-4BC5-8A7C-4512DE84D5A6}"
EndProject
Project("{FAE04EC0-301F-11D3-BF4B-00C04F79EFBC}") = "BlackjackCP", "..\..\Libraries\CrossPlatform\Games\BlackjackCP\BlackjackCP.csproj", "{122D6DED-BF40-4B60-94E6-F01A86DADCD4}"
EndProject
Project("{FAE04EC0-301F-11D3-BF4B-00C04F79EFBC}") = "BlackjackBlazor", "..\..\Libraries\Blazor\Games\BlackjackBlazor\BlackjackBlazor.csproj", "{351BF79A-888D-49FA-B658-7670A386A216}"
EndProject
Project("{FAE04EC0-301F-11D3-BF4B-00C04F79EFBC}") = "ClockSolitaireCP", "..\..\Libraries\CrossPlatform\Games\ClockSolitaireCP\ClockSolitaireCP.csproj", "{31AF68C4-38E4-4DE9-BFE9-E2C067D9AFAB}"
EndProject
Project("{FAE04EC0-301F-11D3-BF4B-00C04F79EFBC}") = "ClockSolitaireBlazor", "..\..\Libraries\Blazor\Games\ClockSolitaireBlazor\ClockSolitaireBlazor.csproj", "{0436B6AB-6F2B-4662-BD55-5CAB31C62842}"
EndProject
Project("{FAE04EC0-301F-11D3-BF4B-00C04F79EFBC}") = "CarpetSolitaireCP", "..\..\Libraries\CrossPlatform\Games\CarpetSolitaireCP\CarpetSolitaireCP.csproj", "{DAA3CE57-99F4-48B8-8B37-D0EFFDEAF426}"
EndProject
Project("{FAE04EC0-301F-11D3-BF4B-00C04F79EFBC}") = "CarpetSolitaireBlazor", "..\..\Libraries\Blazor\Games\CarpetSolitaireBlazor\CarpetSolitaireBlazor.csproj", "{40C4D328-BA7B-41B0-80F5-1986BAAC8CA1}"
EndProject
Project("{FAE04EC0-301F-11D3-BF4B-00C04F79EFBC}") = "EasyGoSolitaireCP", "..\..\Libraries\CrossPlatform\Games\EasyGoSolitaireCP\EasyGoSolitaireCP.csproj", "{6770AF0E-E661-4C06-8D5B-566CEE6833DB}"
EndProject
Project("{FAE04EC0-301F-11D3-BF4B-00C04F79EFBC}") = "EasyGoSolitaireBlazor", "..\..\Libraries\Blazor\Games\EasyGoSolitaireBlazor\EasyGoSolitaireBlazor.csproj", "{473E23FC-BC53-4B4A-B9F6-C64833341F6B}"
EndProject
Project("{FAE04EC0-301F-11D3-BF4B-00C04F79EFBC}") = "FroggiesCP", "..\..\Libraries\CrossPlatform\Games\FroggiesCP\FroggiesCP.csproj", "{DE43035E-9868-40CB-BEEF-0931FD9E2BB7}"
EndProject
Project("{FAE04EC0-301F-11D3-BF4B-00C04F79EFBC}") = "FroggiesBlazor", "..\..\Libraries\Blazor\Games\FroggiesBlazor\FroggiesBlazor.csproj", "{881883AE-8C17-400E-9035-B56703788453}"
EndProject
Project("{FAE04EC0-301F-11D3-BF4B-00C04F79EFBC}") = "KlondikeSolitaireCP", "..\..\Libraries\CrossPlatform\Games\KlondikeSolitaireCP\KlondikeSolitaireCP.csproj", "{11841EC3-C9F5-4036-BA13-935E2993DDD1}"
EndProject
Project("{FAE04EC0-301F-11D3-BF4B-00C04F79EFBC}") = "KlondikeSolitaireBlazor", "..\..\Libraries\Blazor\Games\KlondikeSolitaireBlazor\KlondikeSolitaireBlazor.csproj", "{C6FF1BAB-E507-42A8-B786-100AB9C4D47D}"
EndProject
Project("{FAE04EC0-301F-11D3-BF4B-00C04F79EFBC}") = "MahJongSolitaireCP", "..\..\Libraries\CrossPlatform\Games\MahJongSolitaireCP\MahJongSolitaireCP.csproj", "{ADBC871D-5958-49D5-B27B-730CCF45BCDF}"
EndProject
Project("{FAE04EC0-301F-11D3-BF4B-00C04F79EFBC}") = "MahJongSolitaireBlazor", "..\..\Libraries\Blazor\Games\MahJongSolitaireBlazor\MahJongSolitaireBlazor.csproj", "{B8333E1D-CB7F-49C0-A94D-E843AC9C961D}"
EndProject
Project("{FAE04EC0-301F-11D3-BF4B-00C04F79EFBC}") = "MastermindCP", "..\..\Libraries\CrossPlatform\Games\MastermindCP\MastermindCP.csproj", "{00E2F5D3-C154-4025-A84A-011A1C67A03E}"
EndProject
Project("{FAE04EC0-301F-11D3-BF4B-00C04F79EFBC}") = "MastermindBlazor", "..\..\Libraries\Blazor\Games\MastermindBlazor\MastermindBlazor.csproj", "{99E67BD9-CC8B-4DC6-81B3-859EE7ED92A3}"
EndProject
Project("{FAE04EC0-301F-11D3-BF4B-00C04F79EFBC}") = "SpiderSolitaireCP", "..\..\Libraries\CrossPlatform\Games\SpiderSolitaireCP\SpiderSolitaireCP.csproj", "{D65B8F93-954A-45D2-A020-30C8A3DC5B9D}"
EndProject
Project("{FAE04EC0-301F-11D3-BF4B-00C04F79EFBC}") = "SpiderSolitaireBlazor", "..\..\Libraries\Blazor\Games\SpiderSolitaireBlazor\SpiderSolitaireBlazor.csproj", "{504D6C23-B238-4F40-9339-3B89758A929F}"
EndProject
Global
	GlobalSection(SolutionConfigurationPlatforms) = preSolution
		Debug|Any CPU = Debug|Any CPU
		Release|Any CPU = Release|Any CPU
	EndGlobalSection
	GlobalSection(ProjectConfigurationPlatforms) = postSolution
		{4586BFE1-225C-4B9C-B227-9EDF4D8335EE}.Debug|Any CPU.ActiveCfg = Debug|Any CPU
		{4586BFE1-225C-4B9C-B227-9EDF4D8335EE}.Debug|Any CPU.Build.0 = Debug|Any CPU
		{4586BFE1-225C-4B9C-B227-9EDF4D8335EE}.Release|Any CPU.ActiveCfg = Release|Any CPU
		{4586BFE1-225C-4B9C-B227-9EDF4D8335EE}.Release|Any CPU.Build.0 = Release|Any CPU
		{62F070D7-A84A-4C20-9A26-7A598E4A5AE3}.Debug|Any CPU.ActiveCfg = Debug|Any CPU
		{62F070D7-A84A-4C20-9A26-7A598E4A5AE3}.Debug|Any CPU.Build.0 = Debug|Any CPU
		{62F070D7-A84A-4C20-9A26-7A598E4A5AE3}.Release|Any CPU.ActiveCfg = Release|Any CPU
		{62F070D7-A84A-4C20-9A26-7A598E4A5AE3}.Release|Any CPU.Build.0 = Release|Any CPU
		{352CAAFD-C160-4E6D-BE1A-CE3B7908D909}.Debug|Any CPU.ActiveCfg = Debug|Any CPU
		{352CAAFD-C160-4E6D-BE1A-CE3B7908D909}.Debug|Any CPU.Build.0 = Debug|Any CPU
		{352CAAFD-C160-4E6D-BE1A-CE3B7908D909}.Release|Any CPU.ActiveCfg = Release|Any CPU
		{352CAAFD-C160-4E6D-BE1A-CE3B7908D909}.Release|Any CPU.Build.0 = Release|Any CPU
		{ECBD5E33-FB24-4BC5-8A7C-4512DE84D5A6}.Debug|Any CPU.ActiveCfg = Debug|Any CPU
		{ECBD5E33-FB24-4BC5-8A7C-4512DE84D5A6}.Debug|Any CPU.Build.0 = Debug|Any CPU
		{ECBD5E33-FB24-4BC5-8A7C-4512DE84D5A6}.Release|Any CPU.ActiveCfg = Release|Any CPU
		{ECBD5E33-FB24-4BC5-8A7C-4512DE84D5A6}.Release|Any CPU.Build.0 = Release|Any CPU
		{122D6DED-BF40-4B60-94E6-F01A86DADCD4}.Debug|Any CPU.ActiveCfg = Debug|Any CPU
		{122D6DED-BF40-4B60-94E6-F01A86DADCD4}.Debug|Any CPU.Build.0 = Debug|Any CPU
		{122D6DED-BF40-4B60-94E6-F01A86DADCD4}.Release|Any CPU.ActiveCfg = Release|Any CPU
		{122D6DED-BF40-4B60-94E6-F01A86DADCD4}.Release|Any CPU.Build.0 = Release|Any CPU
		{351BF79A-888D-49FA-B658-7670A386A216}.Debug|Any CPU.ActiveCfg = Debug|Any CPU
		{351BF79A-888D-49FA-B658-7670A386A216}.Debug|Any CPU.Build.0 = Debug|Any CPU
		{351BF79A-888D-49FA-B658-7670A386A216}.Release|Any CPU.ActiveCfg = Release|Any CPU
		{351BF79A-888D-49FA-B658-7670A386A216}.Release|Any CPU.Build.0 = Release|Any CPU
		{31AF68C4-38E4-4DE9-BFE9-E2C067D9AFAB}.Debug|Any CPU.ActiveCfg = Debug|Any CPU
		{31AF68C4-38E4-4DE9-BFE9-E2C067D9AFAB}.Debug|Any CPU.Build.0 = Debug|Any CPU
		{31AF68C4-38E4-4DE9-BFE9-E2C067D9AFAB}.Release|Any CPU.ActiveCfg = Release|Any CPU
		{31AF68C4-38E4-4DE9-BFE9-E2C067D9AFAB}.Release|Any CPU.Build.0 = Release|Any CPU
		{0436B6AB-6F2B-4662-BD55-5CAB31C62842}.Debug|Any CPU.ActiveCfg = Debug|Any CPU
		{0436B6AB-6F2B-4662-BD55-5CAB31C62842}.Debug|Any CPU.Build.0 = Debug|Any CPU
		{0436B6AB-6F2B-4662-BD55-5CAB31C62842}.Release|Any CPU.ActiveCfg = Release|Any CPU
		{0436B6AB-6F2B-4662-BD55-5CAB31C62842}.Release|Any CPU.Build.0 = Release|Any CPU
		{DAA3CE57-99F4-48B8-8B37-D0EFFDEAF426}.Debug|Any CPU.ActiveCfg = Debug|Any CPU
		{DAA3CE57-99F4-48B8-8B37-D0EFFDEAF426}.Debug|Any CPU.Build.0 = Debug|Any CPU
		{DAA3CE57-99F4-48B8-8B37-D0EFFDEAF426}.Release|Any CPU.ActiveCfg = Release|Any CPU
		{DAA3CE57-99F4-48B8-8B37-D0EFFDEAF426}.Release|Any CPU.Build.0 = Release|Any CPU
		{40C4D328-BA7B-41B0-80F5-1986BAAC8CA1}.Debug|Any CPU.ActiveCfg = Debug|Any CPU
		{40C4D328-BA7B-41B0-80F5-1986BAAC8CA1}.Debug|Any CPU.Build.0 = Debug|Any CPU
		{40C4D328-BA7B-41B0-80F5-1986BAAC8CA1}.Release|Any CPU.ActiveCfg = Release|Any CPU
		{40C4D328-BA7B-41B0-80F5-1986BAAC8CA1}.Release|Any CPU.Build.0 = Release|Any CPU
		{6770AF0E-E661-4C06-8D5B-566CEE6833DB}.Debug|Any CPU.ActiveCfg = Debug|Any CPU
		{6770AF0E-E661-4C06-8D5B-566CEE6833DB}.Debug|Any CPU.Build.0 = Debug|Any CPU
		{6770AF0E-E661-4C06-8D5B-566CEE6833DB}.Release|Any CPU.ActiveCfg = Release|Any CPU
		{6770AF0E-E661-4C06-8D5B-566CEE6833DB}.Release|Any CPU.Build.0 = Release|Any CPU
		{473E23FC-BC53-4B4A-B9F6-C64833341F6B}.Debug|Any CPU.ActiveCfg = Debug|Any CPU
		{473E23FC-BC53-4B4A-B9F6-C64833341F6B}.Debug|Any CPU.Build.0 = Debug|Any CPU
		{473E23FC-BC53-4B4A-B9F6-C64833341F6B}.Release|Any CPU.ActiveCfg = Release|Any CPU
		{473E23FC-BC53-4B4A-B9F6-C64833341F6B}.Release|Any CPU.Build.0 = Release|Any CPU
		{DE43035E-9868-40CB-BEEF-0931FD9E2BB7}.Debug|Any CPU.ActiveCfg = Debug|Any CPU
		{DE43035E-9868-40CB-BEEF-0931FD9E2BB7}.Debug|Any CPU.Build.0 = Debug|Any CPU
		{DE43035E-9868-40CB-BEEF-0931FD9E2BB7}.Release|Any CPU.ActiveCfg = Release|Any CPU
		{DE43035E-9868-40CB-BEEF-0931FD9E2BB7}.Release|Any CPU.Build.0 = Release|Any CPU
		{881883AE-8C17-400E-9035-B56703788453}.Debug|Any CPU.ActiveCfg = Debug|Any CPU
		{881883AE-8C17-400E-9035-B56703788453}.Debug|Any CPU.Build.0 = Debug|Any CPU
		{881883AE-8C17-400E-9035-B56703788453}.Release|Any CPU.ActiveCfg = Release|Any CPU
		{881883AE-8C17-400E-9035-B56703788453}.Release|Any CPU.Build.0 = Release|Any CPU
		{11841EC3-C9F5-4036-BA13-935E2993DDD1}.Debug|Any CPU.ActiveCfg = Debug|Any CPU
		{11841EC3-C9F5-4036-BA13-935E2993DDD1}.Debug|Any CPU.Build.0 = Debug|Any CPU
		{11841EC3-C9F5-4036-BA13-935E2993DDD1}.Release|Any CPU.ActiveCfg = Release|Any CPU
		{11841EC3-C9F5-4036-BA13-935E2993DDD1}.Release|Any CPU.Build.0 = Release|Any CPU
		{C6FF1BAB-E507-42A8-B786-100AB9C4D47D}.Debug|Any CPU.ActiveCfg = Debug|Any CPU
		{C6FF1BAB-E507-42A8-B786-100AB9C4D47D}.Debug|Any CPU.Build.0 = Debug|Any CPU
		{C6FF1BAB-E507-42A8-B786-100AB9C4D47D}.Release|Any CPU.ActiveCfg = Release|Any CPU
		{C6FF1BAB-E507-42A8-B786-100AB9C4D47D}.Release|Any CPU.Build.0 = Release|Any CPU
		{ADBC871D-5958-49D5-B27B-730CCF45BCDF}.Debug|Any CPU.ActiveCfg = Debug|Any CPU
		{ADBC871D-5958-49D5-B27B-730CCF45BCDF}.Debug|Any CPU.Build.0 = Debug|Any CPU
		{ADBC871D-5958-49D5-B27B-730CCF45BCDF}.Release|Any CPU.ActiveCfg = Release|Any CPU
		{ADBC871D-5958-49D5-B27B-730CCF45BCDF}.Release|Any CPU.Build.0 = Release|Any CPU
		{B8333E1D-CB7F-49C0-A94D-E843AC9C961D}.Debug|Any CPU.ActiveCfg = Debug|Any CPU
		{B8333E1D-CB7F-49C0-A94D-E843AC9C961D}.Debug|Any CPU.Build.0 = Debug|Any CPU
		{B8333E1D-CB7F-49C0-A94D-E843AC9C961D}.Release|Any CPU.ActiveCfg = Release|Any CPU
		{B8333E1D-CB7F-49C0-A94D-E843AC9C961D}.Release|Any CPU.Build.0 = Release|Any CPU
		{00E2F5D3-C154-4025-A84A-011A1C67A03E}.Debug|Any CPU.ActiveCfg = Debug|Any CPU
		{00E2F5D3-C154-4025-A84A-011A1C67A03E}.Debug|Any CPU.Build.0 = Debug|Any CPU
		{00E2F5D3-C154-4025-A84A-011A1C67A03E}.Release|Any CPU.ActiveCfg = Release|Any CPU
		{00E2F5D3-C154-4025-A84A-011A1C67A03E}.Release|Any CPU.Build.0 = Release|Any CPU
		{99E67BD9-CC8B-4DC6-81B3-859EE7ED92A3}.Debug|Any CPU.ActiveCfg = Debug|Any CPU
		{99E67BD9-CC8B-4DC6-81B3-859EE7ED92A3}.Debug|Any CPU.Build.0 = Debug|Any CPU
		{99E67BD9-CC8B-4DC6-81B3-859EE7ED92A3}.Release|Any CPU.ActiveCfg = Release|Any CPU
		{99E67BD9-CC8B-4DC6-81B3-859EE7ED92A3}.Release|Any CPU.Build.0 = Release|Any CPU
		{D65B8F93-954A-45D2-A020-30C8A3DC5B9D}.Debug|Any CPU.ActiveCfg = Debug|Any CPU
		{D65B8F93-954A-45D2-A020-30C8A3DC5B9D}.Debug|Any CPU.Build.0 = Debug|Any CPU
		{D65B8F93-954A-45D2-A020-30C8A3DC5B9D}.Release|Any CPU.ActiveCfg = Release|Any CPU
		{D65B8F93-954A-45D2-A020-30C8A3DC5B9D}.Release|Any CPU.Build.0 = Release|Any CPU
		{504D6C23-B238-4F40-9339-3B89758A929F}.Debug|Any CPU.ActiveCfg = Debug|Any CPU
		{504D6C23-B238-4F40-9339-3B89758A929F}.Debug|Any CPU.Build.0 = Debug|Any CPU
		{504D6C23-B238-4F40-9339-3B89758A929F}.Release|Any CPU.ActiveCfg = Release|Any CPU
		{504D6C23-B238-4F40-9339-3B89758A929F}.Release|Any CPU.Build.0 = Release|Any CPU
	EndGlobalSection
	GlobalSection(SolutionProperties) = preSolution
		HideSolutionNode = FALSE
	EndGlobalSection
	GlobalSection(ExtensibilityGlobals) = postSolution
		SolutionGuid = {9F4B4333-AC3F-4A06-93CC-EC0598072B24}
	EndGlobalSection
EndGlobal
