
Microsoft Visual Studio Solution File, Format Version 12.00
# Visual Studio Version 16
VisualStudioVersion = 16.0.30709.132
MinimumVisualStudioVersion = 10.0.40219.1
Project("{FAE04EC0-301F-11D3-BF4B-00C04F79EFBC}") = "RareSoloGames", "RareSoloGames.csproj", "{4586BFE1-225C-4B9C-B227-9EDF4D8335EE}"
EndProject
Project("{9A19103F-16F7-4668-BE54-9A1E7A4F7556}") = "BasicGameFrameworkLibrary", "..\..\..\GamingPackXV1\Libraries\CrossPlatform\Standard\BasicGameFrameworkLibrary\BasicGameFrameworkLibrary.csproj", "{62F070D7-A84A-4C20-9A26-7A598E4A5AE3}"
EndProject
Project("{9A19103F-16F7-4668-BE54-9A1E7A4F7556}") = "GameLoaderBlazorLibrary", "..\..\..\GamingPackXV1\Libraries\Blazor\Standard\GameLoaderBlazorLibrary\GameLoaderBlazorLibrary.csproj", "{352CAAFD-C160-4E6D-BE1A-CE3B7908D909}"
EndProject
Project("{9A19103F-16F7-4668-BE54-9A1E7A4F7556}") = "BasicGamingUIBlazorLibrary", "..\..\..\GamingPackXV1\Libraries\Blazor\Standard\BasicGamingUIBlazorLibrary\BasicGamingUIBlazorLibrary.csproj", "{ECBD5E33-FB24-4BC5-8A7C-4512DE84D5A6}"
EndProject
Project("{FAE04EC0-301F-11D3-BF4B-00C04F79EFBC}") = "AccordianSolitaireCP", "..\..\Libraries\CrossPlatform\Games\AccordianSolitaireCP\AccordianSolitaireCP.csproj", "{BFEA2425-8849-4BBC-959F-BD38601AAFCA}"
EndProject
Project("{FAE04EC0-301F-11D3-BF4B-00C04F79EFBC}") = "AccordianSolitaireBlazor", "..\..\Libraries\Blazor\Games\AccordianSolitaireBlazor\AccordianSolitaireBlazor.csproj", "{2DCAAC31-7277-4A86-943E-3D730B0B6555}"
EndProject
Project("{FAE04EC0-301F-11D3-BF4B-00C04F79EFBC}") = "AgnesSolitaireCP", "..\..\Libraries\CrossPlatform\Games\AgnesSolitaireCP\AgnesSolitaireCP.csproj", "{F48A26E5-15AF-4848-AFA5-71160CDBBB7E}"
EndProject
Project("{FAE04EC0-301F-11D3-BF4B-00C04F79EFBC}") = "AgnesSolitaireBlazor", "..\..\Libraries\Blazor\Games\AgnesSolitaireBlazor\AgnesSolitaireBlazor.csproj", "{8C1C6199-FA1B-4416-A8DB-4D023EDDE9CD}"
EndProject
Project("{FAE04EC0-301F-11D3-BF4B-00C04F79EFBC}") = "AlternationSolitaireCP", "..\..\Libraries\CrossPlatform\Games\AlternationSolitaireCP\AlternationSolitaireCP.csproj", "{FC0F5EF1-52FF-4B1A-8ED8-BAD661A94FC1}"
EndProject
Project("{FAE04EC0-301F-11D3-BF4B-00C04F79EFBC}") = "AlternationSolitaireBlazor", "..\..\Libraries\Blazor\Games\AlternationSolitaireBlazor\AlternationSolitaireBlazor.csproj", "{019B732C-5D55-4C32-80F0-668182AEDC95}"
EndProject
Project("{FAE04EC0-301F-11D3-BF4B-00C04F79EFBC}") = "BlockElevenSolitaireCP", "..\..\Libraries\CrossPlatform\Games\BlockElevenSolitaireCP\BlockElevenSolitaireCP.csproj", "{60F7C4B1-C588-4A5E-A809-0F9119D40367}"
EndProject
Project("{FAE04EC0-301F-11D3-BF4B-00C04F79EFBC}") = "BlockElevenSolitaireBlazor", "..\..\Libraries\Blazor\Games\BlockElevenSolitaireBlazor\BlockElevenSolitaireBlazor.csproj", "{E42CFC7F-94B6-41AE-8849-141DFBB40F19}"
EndProject
Project("{FAE04EC0-301F-11D3-BF4B-00C04F79EFBC}") = "CalculationSolitaireCP", "..\..\Libraries\CrossPlatform\Games\CalculationSolitaireCP\CalculationSolitaireCP.csproj", "{D9BBCE7F-A4FA-4C66-9890-2DE3FA5454C3}"
EndProject
Project("{FAE04EC0-301F-11D3-BF4B-00C04F79EFBC}") = "CalculationSolitaireBlazor", "..\..\Libraries\Blazor\Games\CalculationSolitaireBlazor\CalculationSolitaireBlazor.csproj", "{2C8772C0-0BEF-49E2-9069-53A66DEDBC28}"
EndProject
Project("{FAE04EC0-301F-11D3-BF4B-00C04F79EFBC}") = "CaptiveQueensSolitaireCP", "..\..\Libraries\CrossPlatform\Games\CaptiveQueensSolitaireCP\CaptiveQueensSolitaireCP.csproj", "{1D7A90E5-06E5-4CB6-A99F-2B52F695A9E6}"
EndProject
Project("{FAE04EC0-301F-11D3-BF4B-00C04F79EFBC}") = "CaptiveQueensSolitaireBlazor", "..\..\Libraries\Blazor\Games\CaptiveQueensSolitaireBlazor\CaptiveQueensSolitaireBlazor.csproj", "{D3718D7A-E779-4D6F-A794-293E6ABBC442}"
EndProject
Project("{FAE04EC0-301F-11D3-BF4B-00C04F79EFBC}") = "DemonSolitaireCP", "..\..\Libraries\CrossPlatform\Games\DemonSolitaireCP\DemonSolitaireCP.csproj", "{9FD8D2BB-A1F0-4097-AB27-12B1412ACA44}"
EndProject
Project("{FAE04EC0-301F-11D3-BF4B-00C04F79EFBC}") = "DemonSolitaireBlazor", "..\..\Libraries\Blazor\Games\DemonSolitaireBlazor\DemonSolitaireBlazor.csproj", "{D4E7725A-B024-4994-9519-BB373DC3E5C3}"
EndProject
Project("{FAE04EC0-301F-11D3-BF4B-00C04F79EFBC}") = "LittleSpiderSolitaireCP", "..\..\Libraries\CrossPlatform\Games\LittleSpiderSolitaireCP\LittleSpiderSolitaireCP.csproj", "{8F639FE1-729F-4923-80C1-515DFACE37E3}"
EndProject
Project("{FAE04EC0-301F-11D3-BF4B-00C04F79EFBC}") = "LittleSpiderSolitaireBlazor", "..\..\Libraries\Blazor\Games\LittleSpiderSolitaireBlazor\LittleSpiderSolitaireBlazor.csproj", "{A52D9C2A-3ADF-4DBE-B14E-0C66B0331B1D}"
EndProject
Project("{FAE04EC0-301F-11D3-BF4B-00C04F79EFBC}") = "RaglanSolitaireCP", "..\..\Libraries\CrossPlatform\Games\RaglanSolitaireCP\RaglanSolitaireCP.csproj", "{8E26C80E-AC2D-46C9-9C21-CB8A70E3704C}"
EndProject
Project("{FAE04EC0-301F-11D3-BF4B-00C04F79EFBC}") = "RaglanSolitaireBlazor", "..\..\Libraries\Blazor\Games\RaglanSolitaireBlazor\RaglanSolitaireBlazor.csproj", "{23DF824F-B2CA-48FE-B5AE-28FE727BFCDB}"
EndProject
Global
	GlobalSection(SolutionConfigurationPlatforms) = preSolution
		Debug|Any CPU = Debug|Any CPU
		Release|Any CPU = Release|Any CPU
	EndGlobalSection
	GlobalSection(ProjectConfigurationPlatforms) = postSolution
		{4586BFE1-225C-4B9C-B227-9EDF4D8335EE}.Debug|Any CPU.ActiveCfg = Debug|Any CPU
		{4586BFE1-225C-4B9C-B227-9EDF4D8335EE}.Debug|Any CPU.Build.0 = Debug|Any CPU
		{4586BFE1-225C-4B9C-B227-9EDF4D8335EE}.Release|Any CPU.ActiveCfg = Release|Any CPU
		{4586BFE1-225C-4B9C-B227-9EDF4D8335EE}.Release|Any CPU.Build.0 = Release|Any CPU
		{62F070D7-A84A-4C20-9A26-7A598E4A5AE3}.Debug|Any CPU.ActiveCfg = Debug|Any CPU
		{62F070D7-A84A-4C20-9A26-7A598E4A5AE3}.Debug|Any CPU.Build.0 = Debug|Any CPU
		{62F070D7-A84A-4C20-9A26-7A598E4A5AE3}.Release|Any CPU.ActiveCfg = Release|Any CPU
		{62F070D7-A84A-4C20-9A26-7A598E4A5AE3}.Release|Any CPU.Build.0 = Release|Any CPU
		{352CAAFD-C160-4E6D-BE1A-CE3B7908D909}.Debug|Any CPU.ActiveCfg = Debug|Any CPU
		{352CAAFD-C160-4E6D-BE1A-CE3B7908D909}.Debug|Any CPU.Build.0 = Debug|Any CPU
		{352CAAFD-C160-4E6D-BE1A-CE3B7908D909}.Release|Any CPU.ActiveCfg = Release|Any CPU
		{352CAAFD-C160-4E6D-BE1A-CE3B7908D909}.Release|Any CPU.Build.0 = Release|Any CPU
		{ECBD5E33-FB24-4BC5-8A7C-4512DE84D5A6}.Debug|Any CPU.ActiveCfg = Debug|Any CPU
		{ECBD5E33-FB24-4BC5-8A7C-4512DE84D5A6}.Debug|Any CPU.Build.0 = Debug|Any CPU
		{ECBD5E33-FB24-4BC5-8A7C-4512DE84D5A6}.Release|Any CPU.ActiveCfg = Release|Any CPU
		{ECBD5E33-FB24-4BC5-8A7C-4512DE84D5A6}.Release|Any CPU.Build.0 = Release|Any CPU
		{BFEA2425-8849-4BBC-959F-BD38601AAFCA}.Debug|Any CPU.ActiveCfg = Debug|Any CPU
		{BFEA2425-8849-4BBC-959F-BD38601AAFCA}.Debug|Any CPU.Build.0 = Debug|Any CPU
		{BFEA2425-8849-4BBC-959F-BD38601AAFCA}.Release|Any CPU.ActiveCfg = Release|Any CPU
		{BFEA2425-8849-4BBC-959F-BD38601AAFCA}.Release|Any CPU.Build.0 = Release|Any CPU
		{2DCAAC31-7277-4A86-943E-3D730B0B6555}.Debug|Any CPU.ActiveCfg = Debug|Any CPU
		{2DCAAC31-7277-4A86-943E-3D730B0B6555}.Debug|Any CPU.Build.0 = Debug|Any CPU
		{2DCAAC31-7277-4A86-943E-3D730B0B6555}.Release|Any CPU.ActiveCfg = Release|Any CPU
		{2DCAAC31-7277-4A86-943E-3D730B0B6555}.Release|Any CPU.Build.0 = Release|Any CPU
		{F48A26E5-15AF-4848-AFA5-71160CDBBB7E}.Debug|Any CPU.ActiveCfg = Debug|Any CPU
		{F48A26E5-15AF-4848-AFA5-71160CDBBB7E}.Debug|Any CPU.Build.0 = Debug|Any CPU
		{F48A26E5-15AF-4848-AFA5-71160CDBBB7E}.Release|Any CPU.ActiveCfg = Release|Any CPU
		{F48A26E5-15AF-4848-AFA5-71160CDBBB7E}.Release|Any CPU.Build.0 = Release|Any CPU
		{8C1C6199-FA1B-4416-A8DB-4D023EDDE9CD}.Debug|Any CPU.ActiveCfg = Debug|Any CPU
		{8C1C6199-FA1B-4416-A8DB-4D023EDDE9CD}.Debug|Any CPU.Build.0 = Debug|Any CPU
		{8C1C6199-FA1B-4416-A8DB-4D023EDDE9CD}.Release|Any CPU.ActiveCfg = Release|Any CPU
		{8C1C6199-FA1B-4416-A8DB-4D023EDDE9CD}.Release|Any CPU.Build.0 = Release|Any CPU
		{FC0F5EF1-52FF-4B1A-8ED8-BAD661A94FC1}.Debug|Any CPU.ActiveCfg = Debug|Any CPU
		{FC0F5EF1-52FF-4B1A-8ED8-BAD661A94FC1}.Debug|Any CPU.Build.0 = Debug|Any CPU
		{FC0F5EF1-52FF-4B1A-8ED8-BAD661A94FC1}.Release|Any CPU.ActiveCfg = Release|Any CPU
		{FC0F5EF1-52FF-4B1A-8ED8-BAD661A94FC1}.Release|Any CPU.Build.0 = Release|Any CPU
		{019B732C-5D55-4C32-80F0-668182AEDC95}.Debug|Any CPU.ActiveCfg = Debug|Any CPU
		{019B732C-5D55-4C32-80F0-668182AEDC95}.Debug|Any CPU.Build.0 = Debug|Any CPU
		{019B732C-5D55-4C32-80F0-668182AEDC95}.Release|Any CPU.ActiveCfg = Release|Any CPU
		{019B732C-5D55-4C32-80F0-668182AEDC95}.Release|Any CPU.Build.0 = Release|Any CPU
		{60F7C4B1-C588-4A5E-A809-0F9119D40367}.Debug|Any CPU.ActiveCfg = Debug|Any CPU
		{60F7C4B1-C588-4A5E-A809-0F9119D40367}.Debug|Any CPU.Build.0 = Debug|Any CPU
		{60F7C4B1-C588-4A5E-A809-0F9119D40367}.Release|Any CPU.ActiveCfg = Release|Any CPU
		{60F7C4B1-C588-4A5E-A809-0F9119D40367}.Release|Any CPU.Build.0 = Release|Any CPU
		{E42CFC7F-94B6-41AE-8849-141DFBB40F19}.Debug|Any CPU.ActiveCfg = Debug|Any CPU
		{E42CFC7F-94B6-41AE-8849-141DFBB40F19}.Debug|Any CPU.Build.0 = Debug|Any CPU
		{E42CFC7F-94B6-41AE-8849-141DFBB40F19}.Release|Any CPU.ActiveCfg = Release|Any CPU
		{E42CFC7F-94B6-41AE-8849-141DFBB40F19}.Release|Any CPU.Build.0 = Release|Any CPU
		{D9BBCE7F-A4FA-4C66-9890-2DE3FA5454C3}.Debug|Any CPU.ActiveCfg = Debug|Any CPU
		{D9BBCE7F-A4FA-4C66-9890-2DE3FA5454C3}.Debug|Any CPU.Build.0 = Debug|Any CPU
		{D9BBCE7F-A4FA-4C66-9890-2DE3FA5454C3}.Release|Any CPU.ActiveCfg = Release|Any CPU
		{D9BBCE7F-A4FA-4C66-9890-2DE3FA5454C3}.Release|Any CPU.Build.0 = Release|Any CPU
		{2C8772C0-0BEF-49E2-9069-53A66DEDBC28}.Debug|Any CPU.ActiveCfg = Debug|Any CPU
		{2C8772C0-0BEF-49E2-9069-53A66DEDBC28}.Debug|Any CPU.Build.0 = Debug|Any CPU
		{2C8772C0-0BEF-49E2-9069-53A66DEDBC28}.Release|Any CPU.ActiveCfg = Release|Any CPU
		{2C8772C0-0BEF-49E2-9069-53A66DEDBC28}.Release|Any CPU.Build.0 = Release|Any CPU
		{1D7A90E5-06E5-4CB6-A99F-2B52F695A9E6}.Debug|Any CPU.ActiveCfg = Debug|Any CPU
		{1D7A90E5-06E5-4CB6-A99F-2B52F695A9E6}.Debug|Any CPU.Build.0 = Debug|Any CPU
		{1D7A90E5-06E5-4CB6-A99F-2B52F695A9E6}.Release|Any CPU.ActiveCfg = Release|Any CPU
		{1D7A90E5-06E5-4CB6-A99F-2B52F695A9E6}.Release|Any CPU.Build.0 = Release|Any CPU
		{D3718D7A-E779-4D6F-A794-293E6ABBC442}.Debug|Any CPU.ActiveCfg = Debug|Any CPU
		{D3718D7A-E779-4D6F-A794-293E6ABBC442}.Debug|Any CPU.Build.0 = Debug|Any CPU
		{D3718D7A-E779-4D6F-A794-293E6ABBC442}.Release|Any CPU.ActiveCfg = Release|Any CPU
		{D3718D7A-E779-4D6F-A794-293E6ABBC442}.Release|Any CPU.Build.0 = Release|Any CPU
		{9FD8D2BB-A1F0-4097-AB27-12B1412ACA44}.Debug|Any CPU.ActiveCfg = Debug|Any CPU
		{9FD8D2BB-A1F0-4097-AB27-12B1412ACA44}.Debug|Any CPU.Build.0 = Debug|Any CPU
		{9FD8D2BB-A1F0-4097-AB27-12B1412ACA44}.Release|Any CPU.ActiveCfg = Release|Any CPU
		{9FD8D2BB-A1F0-4097-AB27-12B1412ACA44}.Release|Any CPU.Build.0 = Release|Any CPU
		{D4E7725A-B024-4994-9519-BB373DC3E5C3}.Debug|Any CPU.ActiveCfg = Debug|Any CPU
		{D4E7725A-B024-4994-9519-BB373DC3E5C3}.Debug|Any CPU.Build.0 = Debug|Any CPU
		{D4E7725A-B024-4994-9519-BB373DC3E5C3}.Release|Any CPU.ActiveCfg = Release|Any CPU
		{D4E7725A-B024-4994-9519-BB373DC3E5C3}.Release|Any CPU.Build.0 = Release|Any CPU
		{8F639FE1-729F-4923-80C1-515DFACE37E3}.Debug|Any CPU.ActiveCfg = Debug|Any CPU
		{8F639FE1-729F-4923-80C1-515DFACE37E3}.Debug|Any CPU.Build.0 = Debug|Any CPU
		{8F639FE1-729F-4923-80C1-515DFACE37E3}.Release|Any CPU.ActiveCfg = Release|Any CPU
		{8F639FE1-729F-4923-80C1-515DFACE37E3}.Release|Any CPU.Build.0 = Release|Any CPU
		{A52D9C2A-3ADF-4DBE-B14E-0C66B0331B1D}.Debug|Any CPU.ActiveCfg = Debug|Any CPU
		{A52D9C2A-3ADF-4DBE-B14E-0C66B0331B1D}.Debug|Any CPU.Build.0 = Debug|Any CPU
		{A52D9C2A-3ADF-4DBE-B14E-0C66B0331B1D}.Release|Any CPU.ActiveCfg = Release|Any CPU
		{A52D9C2A-3ADF-4DBE-B14E-0C66B0331B1D}.Release|Any CPU.Build.0 = Release|Any CPU
		{8E26C80E-AC2D-46C9-9C21-CB8A70E3704C}.Debug|Any CPU.ActiveCfg = Debug|Any CPU
		{8E26C80E-AC2D-46C9-9C21-CB8A70E3704C}.Debug|Any CPU.Build.0 = Debug|Any CPU
		{8E26C80E-AC2D-46C9-9C21-CB8A70E3704C}.Release|Any CPU.ActiveCfg = Release|Any CPU
		{8E26C80E-AC2D-46C9-9C21-CB8A70E3704C}.Release|Any CPU.Build.0 = Release|Any CPU
		{23DF824F-B2CA-48FE-B5AE-28FE727BFCDB}.Debug|Any CPU.ActiveCfg = Debug|Any CPU
		{23DF824F-B2CA-48FE-B5AE-28FE727BFCDB}.Debug|Any CPU.Build.0 = Debug|Any CPU
		{23DF824F-B2CA-48FE-B5AE-28FE727BFCDB}.Release|Any CPU.ActiveCfg = Release|Any CPU
		{23DF824F-B2CA-48FE-B5AE-28FE727BFCDB}.Release|Any CPU.Build.0 = Release|Any CPU
	EndGlobalSection
	GlobalSection(SolutionProperties) = preSolution
		HideSolutionNode = FALSE
	EndGlobalSection
	GlobalSection(ExtensibilityGlobals) = postSolution
		SolutionGuid = {9F4B4333-AC3F-4A06-93CC-EC0598072B24}
	EndGlobalSection
EndGlobal
